// !$*UTF8*$!
{
	archiveVersion = 1;
	classes = {
	};
	objectVersion = 48;
	objects = {

/* Begin PBXBuildFile section */
		14887C614AF6BB24CC3DA61F /* Pods_Esaad.framework in Frameworks */ = {isa = PBXBuildFile; fileRef = 5636DDA4D6F87C5B004DF040 /* Pods_Esaad.framework */; };
		596AAB9D213415790038B24C /* UIButton+Extension.swift in Sources */ = {isa = PBXBuildFile; fileRef = 596AAB8E213415780038B24C /* UIButton+Extension.swift */; };
		596AAB9E213415790038B24C /* UIFont+Extension.swift in Sources */ = {isa = PBXBuildFile; fileRef = 596AAB8F213415780038B24C /* UIFont+Extension.swift */; };
		596AAB9F213415790038B24C /* UITextField+Extension.swift in Sources */ = {isa = PBXBuildFile; fileRef = 596AAB90213415780038B24C /* UITextField+Extension.swift */; };
		596AABA0213415790038B24C /* UIView+Extention.swift in Sources */ = {isa = PBXBuildFile; fileRef = 596AAB91213415780038B24C /* UIView+Extention.swift */; };
		596AABA1213415790038B24C /* UIViewController+Extension.swift in Sources */ = {isa = PBXBuildFile; fileRef = 596AAB92213415780038B24C /* UIViewController+Extension.swift */; };
		596AABA2213415790038B24C /* Enums.swift in Sources */ = {isa = PBXBuildFile; fileRef = 596AAB94213415790038B24C /* Enums.swift */; };
		596AABA3213415790038B24C /* AppConstants.swift in Sources */ = {isa = PBXBuildFile; fileRef = 596AAB96213415790038B24C /* AppConstants.swift */; };
		596AABA4213415790038B24C /* Constants.swift in Sources */ = {isa = PBXBuildFile; fileRef = 596AAB97213415790038B24C /* Constants.swift */; };
		596AABA5213415790038B24C /* Singleton.swift in Sources */ = {isa = PBXBuildFile; fileRef = 596AAB99213415790038B24C /* Singleton.swift */; };
		596AABA6213415790038B24C /* Utility.swift in Sources */ = {isa = PBXBuildFile; fileRef = 596AAB9B213415790038B24C /* Utility.swift */; };
		596AABA7213415790038B24C /* Validation.swift in Sources */ = {isa = PBXBuildFile; fileRef = 596AAB9C213415790038B24C /* Validation.swift */; };
		596AABAA213415BA0038B24C /* BaseNavigationController.swift in Sources */ = {isa = PBXBuildFile; fileRef = 596AABA8213415B90038B24C /* BaseNavigationController.swift */; };
		596AABAB213415BA0038B24C /* BaseController.swift in Sources */ = {isa = PBXBuildFile; fileRef = 596AABA9213415BA0038B24C /* BaseController.swift */; };
		596AABAD213415FF0038B24C /* AppStateManager.swift in Sources */ = {isa = PBXBuildFile; fileRef = 596AABAC213415FF0038B24C /* AppStateManager.swift */; };
		596AABB12134169A0038B24C /* APIManager_Authentication.swift in Sources */ = {isa = PBXBuildFile; fileRef = 596AABAE2134169A0038B24C /* APIManager_Authentication.swift */; };
		596AABB22134169A0038B24C /* APIManager.swift in Sources */ = {isa = PBXBuildFile; fileRef = 596AABAF2134169A0038B24C /* APIManager.swift */; };
		596AABB32134169A0038B24C /* APIManagerBase.swift in Sources */ = {isa = PBXBuildFile; fileRef = 596AABB02134169A0038B24C /* APIManagerBase.swift */; };
		596AABBF213418DC0038B24C /* UserModel.swift in Sources */ = {isa = PBXBuildFile; fileRef = 596AABBE213418DC0038B24C /* UserModel.swift */; };
		596AABCE21341E940038B24C /* SimpleAlertVC.swift in Sources */ = {isa = PBXBuildFile; fileRef = 596AABC821341E920038B24C /* SimpleAlertVC.swift */; };
		596AABD521341FA10038B24C /* PopupModule.storyboard in Resources */ = {isa = PBXBuildFile; fileRef = 596AABD421341FA10038B24C /* PopupModule.storyboard */; };
		596AABD72134257F0038B24C /* Info.plist in Resources */ = {isa = PBXBuildFile; fileRef = 596AABD62134257F0038B24C /* Info.plist */; };
		599740FA2134359600FDE3B1 /* LoginModule.storyboard in Resources */ = {isa = PBXBuildFile; fileRef = 599740F92134359600FDE3B1 /* LoginModule.storyboard */; };
		599740FC213435AA00FDE3B1 /* HomeModule.storyboard in Resources */ = {isa = PBXBuildFile; fileRef = 599740FB213435AA00FDE3B1 /* HomeModule.storyboard */; };
		599740FE213436D500FDE3B1 /* LoginModuleNC.swift in Sources */ = {isa = PBXBuildFile; fileRef = 599740FD213436D500FDE3B1 /* LoginModuleNC.swift */; };
		5997410021352E9000FDE3B1 /* LoginViewController.swift in Sources */ = {isa = PBXBuildFile; fileRef = 599740FF21352E9000FDE3B1 /* LoginViewController.swift */; };
		59974103213531A500FDE3B1 /* HomeModuleNC.swift in Sources */ = {isa = PBXBuildFile; fileRef = 59974102213531A500FDE3B1 /* HomeModuleNC.swift */; };
		59974105213533E800FDE3B1 /* SettingViewController.swift in Sources */ = {isa = PBXBuildFile; fileRef = 59974104213533E800FDE3B1 /* SettingViewController.swift */; };
		599741082135360A00FDE3B1 /* Localizable.strings in Resources */ = {isa = PBXBuildFile; fileRef = 5997410A2135360A00FDE3B1 /* Localizable.strings */; };
		5997410D213556C000FDE3B1 /* HomeViewController.swift in Sources */ = {isa = PBXBuildFile; fileRef = 5997410C213556C000FDE3B1 /* HomeViewController.swift */; };
		59E190C62133D46C005F55F3 /* AppDelegate.swift in Sources */ = {isa = PBXBuildFile; fileRef = 59E190C52133D46C005F55F3 /* AppDelegate.swift */; };
		59E190CD2133D46C005F55F3 /* Assets.xcassets in Resources */ = {isa = PBXBuildFile; fileRef = 59E190CC2133D46C005F55F3 /* Assets.xcassets */; };
		59E190D02133D46C005F55F3 /* LaunchScreen.storyboard in Resources */ = {isa = PBXBuildFile; fileRef = 59E190CE2133D46C005F55F3 /* LaunchScreen.storyboard */; };
/* End PBXBuildFile section */

/* Begin PBXFileReference section */
		5636DDA4D6F87C5B004DF040 /* Pods_Esaad.framework */ = {isa = PBXFileReference; explicitFileType = wrapper.framework; includeInIndex = 0; path = Pods_Esaad.framework; sourceTree = BUILT_PRODUCTS_DIR; };
		596AAB8E213415780038B24C /* UIButton+Extension.swift */ = {isa = PBXFileReference; fileEncoding = 4; lastKnownFileType = sourcecode.swift; path = "UIButton+Extension.swift"; sourceTree = "<group>"; };
		596AAB8F213415780038B24C /* UIFont+Extension.swift */ = {isa = PBXFileReference; fileEncoding = 4; lastKnownFileType = sourcecode.swift; path = "UIFont+Extension.swift"; sourceTree = "<group>"; };
		596AAB90213415780038B24C /* UITextField+Extension.swift */ = {isa = PBXFileReference; fileEncoding = 4; lastKnownFileType = sourcecode.swift; path = "UITextField+Extension.swift"; sourceTree = "<group>"; };
		596AAB91213415780038B24C /* UIView+Extention.swift */ = {isa = PBXFileReference; fileEncoding = 4; lastKnownFileType = sourcecode.swift; path = "UIView+Extention.swift"; sourceTree = "<group>"; };
		596AAB92213415780038B24C /* UIViewController+Extension.swift */ = {isa = PBXFileReference; fileEncoding = 4; lastKnownFileType = sourcecode.swift; path = "UIViewController+Extension.swift"; sourceTree = "<group>"; };
		596AAB94213415790038B24C /* Enums.swift */ = {isa = PBXFileReference; fileEncoding = 4; lastKnownFileType = sourcecode.swift; path = Enums.swift; sourceTree = "<group>"; };
		596AAB96213415790038B24C /* AppConstants.swift */ = {isa = PBXFileReference; fileEncoding = 4; lastKnownFileType = sourcecode.swift; path = AppConstants.swift; sourceTree = "<group>"; };
		596AAB97213415790038B24C /* Constants.swift */ = {isa = PBXFileReference; fileEncoding = 4; lastKnownFileType = sourcecode.swift; path = Constants.swift; sourceTree = "<group>"; };
		596AAB99213415790038B24C /* Singleton.swift */ = {isa = PBXFileReference; fileEncoding = 4; lastKnownFileType = sourcecode.swift; path = Singleton.swift; sourceTree = "<group>"; };
		596AAB9B213415790038B24C /* Utility.swift */ = {isa = PBXFileReference; fileEncoding = 4; lastKnownFileType = sourcecode.swift; path = Utility.swift; sourceTree = "<group>"; };
		596AAB9C213415790038B24C /* Validation.swift */ = {isa = PBXFileReference; fileEncoding = 4; lastKnownFileType = sourcecode.swift; path = Validation.swift; sourceTree = "<group>"; };
		596AABA8213415B90038B24C /* BaseNavigationController.swift */ = {isa = PBXFileReference; fileEncoding = 4; lastKnownFileType = sourcecode.swift; path = BaseNavigationController.swift; sourceTree = "<group>"; };
		596AABA9213415BA0038B24C /* BaseController.swift */ = {isa = PBXFileReference; fileEncoding = 4; lastKnownFileType = sourcecode.swift; path = BaseController.swift; sourceTree = "<group>"; };
		596AABAC213415FF0038B24C /* AppStateManager.swift */ = {isa = PBXFileReference; fileEncoding = 4; lastKnownFileType = sourcecode.swift; path = AppStateManager.swift; sourceTree = "<group>"; };
		596AABAE2134169A0038B24C /* APIManager_Authentication.swift */ = {isa = PBXFileReference; fileEncoding = 4; lastKnownFileType = sourcecode.swift; path = APIManager_Authentication.swift; sourceTree = "<group>"; };
		596AABAF2134169A0038B24C /* APIManager.swift */ = {isa = PBXFileReference; fileEncoding = 4; lastKnownFileType = sourcecode.swift; path = APIManager.swift; sourceTree = "<group>"; };
		596AABB02134169A0038B24C /* APIManagerBase.swift */ = {isa = PBXFileReference; fileEncoding = 4; lastKnownFileType = sourcecode.swift; path = APIManagerBase.swift; sourceTree = "<group>"; };
		596AABBE213418DC0038B24C /* UserModel.swift */ = {isa = PBXFileReference; fileEncoding = 4; lastKnownFileType = sourcecode.swift; path = UserModel.swift; sourceTree = "<group>"; };
		596AABC221341C9D0038B24C /* Esaad-Bridging-Header.h */ = {isa = PBXFileReference; lastKnownFileType = sourcecode.c.h; path = "Esaad-Bridging-Header.h"; sourceTree = "<group>"; };
		596AABC821341E920038B24C /* SimpleAlertVC.swift */ = {isa = PBXFileReference; fileEncoding = 4; lastKnownFileType = sourcecode.swift; path = SimpleAlertVC.swift; sourceTree = "<group>"; };
		596AABD421341FA10038B24C /* PopupModule.storyboard */ = {isa = PBXFileReference; fileEncoding = 4; lastKnownFileType = file.storyboard; path = PopupModule.storyboard; sourceTree = "<group>"; };
		596AABD62134257F0038B24C /* Info.plist */ = {isa = PBXFileReference; fileEncoding = 4; lastKnownFileType = text.plist.xml; name = Info.plist; path = Esaad/Info.plist; sourceTree = SOURCE_ROOT; };
		599740F92134359600FDE3B1 /* LoginModule.storyboard */ = {isa = PBXFileReference; lastKnownFileType = file.storyboard; path = LoginModule.storyboard; sourceTree = "<group>"; };
		599740FB213435AA00FDE3B1 /* HomeModule.storyboard */ = {isa = PBXFileReference; lastKnownFileType = file.storyboard; path = HomeModule.storyboard; sourceTree = "<group>"; };
		599740FD213436D500FDE3B1 /* LoginModuleNC.swift */ = {isa = PBXFileReference; fileEncoding = 4; lastKnownFileType = sourcecode.swift; path = LoginModuleNC.swift; sourceTree = "<group>"; };
		599740FF21352E9000FDE3B1 /* LoginViewController.swift */ = {isa = PBXFileReference; lastKnownFileType = sourcecode.swift; path = LoginViewController.swift; sourceTree = "<group>"; };
		59974102213531A500FDE3B1 /* HomeModuleNC.swift */ = {isa = PBXFileReference; fileEncoding = 4; lastKnownFileType = sourcecode.swift; path = HomeModuleNC.swift; sourceTree = "<group>"; };
		59974104213533E800FDE3B1 /* SettingViewController.swift */ = {isa = PBXFileReference; lastKnownFileType = sourcecode.swift; path = SettingViewController.swift; sourceTree = "<group>"; };
		599741092135360A00FDE3B1 /* en */ = {isa = PBXFileReference; lastKnownFileType = text.plist.strings; name = en; path = en.lproj/Localizable.strings; sourceTree = "<group>"; };
		5997410B2135361B00FDE3B1 /* ar */ = {isa = PBXFileReference; lastKnownFileType = text.plist.strings; name = ar; path = ar.lproj/Localizable.strings; sourceTree = "<group>"; };
		5997410C213556C000FDE3B1 /* HomeViewController.swift */ = {isa = PBXFileReference; lastKnownFileType = sourcecode.swift; path = HomeViewController.swift; sourceTree = "<group>"; };
		59E190C22133D46C005F55F3 /* Esaad.app */ = {isa = PBXFileReference; explicitFileType = wrapper.application; includeInIndex = 0; path = Esaad.app; sourceTree = BUILT_PRODUCTS_DIR; };
		59E190C52133D46C005F55F3 /* AppDelegate.swift */ = {isa = PBXFileReference; lastKnownFileType = sourcecode.swift; path = AppDelegate.swift; sourceTree = "<group>"; };
		59E190CC2133D46C005F55F3 /* Assets.xcassets */ = {isa = PBXFileReference; lastKnownFileType = folder.assetcatalog; path = Assets.xcassets; sourceTree = "<group>"; };
		59E190CF2133D46C005F55F3 /* Base */ = {isa = PBXFileReference; lastKnownFileType = file.storyboard; name = Base; path = Base.lproj/LaunchScreen.storyboard; sourceTree = "<group>"; };
		78A7002D75DC9859E953492A /* Pods-Esaad.debug.xcconfig */ = {isa = PBXFileReference; includeInIndex = 1; lastKnownFileType = text.xcconfig; name = "Pods-Esaad.debug.xcconfig"; path = "Pods/Target Support Files/Pods-Esaad/Pods-Esaad.debug.xcconfig"; sourceTree = "<group>"; };
		B5B9088481CF0E9B829688E2 /* Pods-Esaad.release.xcconfig */ = {isa = PBXFileReference; includeInIndex = 1; lastKnownFileType = text.xcconfig; name = "Pods-Esaad.release.xcconfig"; path = "Pods/Target Support Files/Pods-Esaad/Pods-Esaad.release.xcconfig"; sourceTree = "<group>"; };
/* End PBXFileReference section */

/* Begin PBXFrameworksBuildPhase section */
		59E190BF2133D46C005F55F3 /* Frameworks */ = {
			isa = PBXFrameworksBuildPhase;
			buildActionMask = 2147483647;
			files = (
				14887C614AF6BB24CC3DA61F /* Pods_Esaad.framework in Frameworks */,
			);
			runOnlyForDeploymentPostprocessing = 0;
		};
/* End PBXFrameworksBuildPhase section */

/* Begin PBXGroup section */
		596AAB8D213415780038B24C /* Extensions */ = {
			isa = PBXGroup;
			children = (
				596AAB8E213415780038B24C /* UIButton+Extension.swift */,
				596AAB8F213415780038B24C /* UIFont+Extension.swift */,
				596AAB90213415780038B24C /* UITextField+Extension.swift */,
				596AAB91213415780038B24C /* UIView+Extention.swift */,
				596AAB92213415780038B24C /* UIViewController+Extension.swift */,
			);
			path = Extensions;
			sourceTree = "<group>";
		};
		596AAB93213415790038B24C /* Enums */ = {
			isa = PBXGroup;
			children = (
				596AAB94213415790038B24C /* Enums.swift */,
			);
			path = Enums;
			sourceTree = "<group>";
		};
		596AAB95213415790038B24C /* Constants */ = {
			isa = PBXGroup;
			children = (
				596AAB96213415790038B24C /* AppConstants.swift */,
				596AAB97213415790038B24C /* Constants.swift */,
			);
			path = Constants;
			sourceTree = "<group>";
		};
		596AAB98213415790038B24C /* Singleton */ = {
			isa = PBXGroup;
			children = (
				596AAB99213415790038B24C /* Singleton.swift */,
			);
			path = Singleton;
			sourceTree = "<group>";
		};
		596AAB9A213415790038B24C /* UtilityFunctions */ = {
			isa = PBXGroup;
			children = (
				596AAB9B213415790038B24C /* Utility.swift */,
				596AAB9C213415790038B24C /* Validation.swift */,
			);
			path = UtilityFunctions;
			sourceTree = "<group>";
		};
		596AABB42134182E0038B24C /* LoginModule */ = {
			isa = PBXGroup;
			children = (
				596AABBD213418C70038B24C /* ViewController */,
				596AABBC213418B70038B24C /* Storyboard */,
				596AABBA2134189C0038B24C /* NavigationController */,
				596AABB72134187B0038B24C /* Models */,
			);
			path = LoginModule;
			sourceTree = "<group>";
		};
		596AABB72134187B0038B24C /* Models */ = {
			isa = PBXGroup;
			children = (
				596AABBE213418DC0038B24C /* UserModel.swift */,
			);
			path = Models;
			sourceTree = "<group>";
		};
		596AABBA2134189C0038B24C /* NavigationController */ = {
			isa = PBXGroup;
			children = (
				599740FD213436D500FDE3B1 /* LoginModuleNC.swift */,
			);
			path = NavigationController;
			sourceTree = "<group>";
		};
		596AABBC213418B70038B24C /* Storyboard */ = {
			isa = PBXGroup;
			children = (
				599740F92134359600FDE3B1 /* LoginModule.storyboard */,
			);
			path = Storyboard;
			sourceTree = "<group>";
		};
		596AABBD213418C70038B24C /* ViewController */ = {
			isa = PBXGroup;
			children = (
				599740FF21352E9000FDE3B1 /* LoginViewController.swift */,
			);
			path = ViewController;
			sourceTree = "<group>";
		};
		596AABC121341B280038B24C /* SupportngFiles */ = {
			isa = PBXGroup;
			children = (
				596AABD62134257F0038B24C /* Info.plist */,
				59E190CE2133D46C005F55F3 /* LaunchScreen.storyboard */,
				59E190CC2133D46C005F55F3 /* Assets.xcassets */,
				596AABC221341C9D0038B24C /* Esaad-Bridging-Header.h */,
				5997410A2135360A00FDE3B1 /* Localizable.strings */,
			);
			path = SupportngFiles;
			sourceTree = "<group>";
		};
		596AABC321341E210038B24C /* PopupModule */ = {
			isa = PBXGroup;
			children = (
				596AABC521341E660038B24C /* ViewController */,
				596AABC421341E5A0038B24C /* Storyboard */,
			);
			path = PopupModule;
			sourceTree = "<group>";
		};
		596AABC421341E5A0038B24C /* Storyboard */ = {
			isa = PBXGroup;
			children = (
				596AABD421341FA10038B24C /* PopupModule.storyboard */,
			);
			path = Storyboard;
			sourceTree = "<group>";
		};
		596AABC521341E660038B24C /* ViewController */ = {
			isa = PBXGroup;
			children = (
				596AABC821341E920038B24C /* SimpleAlertVC.swift */,
			);
			path = ViewController;
			sourceTree = "<group>";
		};
		599740F42134349800FDE3B1 /* HomeModule */ = {
			isa = PBXGroup;
			children = (
				599740F82134357700FDE3B1 /* ViewController */,
				599740F72134356F00FDE3B1 /* Storyboard */,
				599741012135318D00FDE3B1 /* NavigationController */,
				599740F52134353A00FDE3B1 /* Models */,
			);
			path = HomeModule;
			sourceTree = "<group>";
		};
		599740F52134353A00FDE3B1 /* Models */ = {
			isa = PBXGroup;
			children = (
			);
			path = Models;
			sourceTree = "<group>";
		};
		599740F72134356F00FDE3B1 /* Storyboard */ = {
			isa = PBXGroup;
			children = (
				599740FB213435AA00FDE3B1 /* HomeModule.storyboard */,
			);
			path = Storyboard;
			sourceTree = "<group>";
		};
		599740F82134357700FDE3B1 /* ViewController */ = {
			isa = PBXGroup;
			children = (
				5997410C213556C000FDE3B1 /* HomeViewController.swift */,
				59974104213533E800FDE3B1 /* SettingViewController.swift */,
			);
			path = ViewController;
			sourceTree = "<group>";
		};
		599741012135318D00FDE3B1 /* NavigationController */ = {
			isa = PBXGroup;
			children = (
				59974102213531A500FDE3B1 /* HomeModuleNC.swift */,
			);
			path = NavigationController;
			sourceTree = "<group>";
		};
		59E190B92133D46C005F55F3 = {
			isa = PBXGroup;
			children = (
				59E190C42133D46C005F55F3 /* Esaad */,
				59E190C32133D46C005F55F3 /* Products */,
				5B4EB44930C072732E4587EC /* Pods */,
				ABCE27D951D8BD7BD7B490DE /* Frameworks */,
			);
			sourceTree = "<group>";
		};
		59E190C32133D46C005F55F3 /* Products */ = {
			isa = PBXGroup;
			children = (
				59E190C22133D46C005F55F3 /* Esaad.app */,
			);
			name = Products;
			sourceTree = "<group>";
		};
		59E190C42133D46C005F55F3 /* Esaad */ = {
			isa = PBXGroup;
			children = (
				59E190E62133DA54005F55F3 /* AppDelegate */,
				59E190E42133DA54005F55F3 /* BaseController */,
				59E190E32133DA54005F55F3 /* Modules */,
				59E190E82133DA54005F55F3 /* ServiceModel */,
				59E190E72133DA54005F55F3 /* HelperClasses */,
				59E190E52133DA54005F55F3 /* ThirdPartyControls */,
				596AABC121341B280038B24C /* SupportngFiles */,
			);
			path = Esaad;
			sourceTree = "<group>";
		};
		59E190E32133DA54005F55F3 /* Modules */ = {
			isa = PBXGroup;
			children = (
				599740F42134349800FDE3B1 /* HomeModule */,
				596AABC321341E210038B24C /* PopupModule */,
				596AABB42134182E0038B24C /* LoginModule */,
			);
			path = Modules;
			sourceTree = "<group>";
		};
		59E190E42133DA54005F55F3 /* BaseController */ = {
			isa = PBXGroup;
			children = (
				596AABA9213415BA0038B24C /* BaseController.swift */,
				596AABA8213415B90038B24C /* BaseNavigationController.swift */,
			);
			path = BaseController;
			sourceTree = "<group>";
		};
		59E190E52133DA54005F55F3 /* ThirdPartyControls */ = {
			isa = PBXGroup;
			children = (
			);
			path = ThirdPartyControls;
			sourceTree = "<group>";
		};
		59E190E62133DA54005F55F3 /* AppDelegate */ = {
			isa = PBXGroup;
			children = (
				59E190C52133D46C005F55F3 /* AppDelegate.swift */,
				596AABAC213415FF0038B24C /* AppStateManager.swift */,
			);
			path = AppDelegate;
			sourceTree = "<group>";
		};
		59E190E72133DA54005F55F3 /* HelperClasses */ = {
			isa = PBXGroup;
			children = (
				596AAB95213415790038B24C /* Constants */,
				596AAB93213415790038B24C /* Enums */,
				596AAB8D213415780038B24C /* Extensions */,
				596AAB98213415790038B24C /* Singleton */,
				596AAB9A213415790038B24C /* UtilityFunctions */,
			);
			path = HelperClasses;
			sourceTree = "<group>";
		};
		59E190E82133DA54005F55F3 /* ServiceModel */ = {
			isa = PBXGroup;
			children = (
				596AABAE2134169A0038B24C /* APIManager_Authentication.swift */,
				596AABAF2134169A0038B24C /* APIManager.swift */,
				596AABB02134169A0038B24C /* APIManagerBase.swift */,
			);
			path = ServiceModel;
			sourceTree = "<group>";
		};
		5B4EB44930C072732E4587EC /* Pods */ = {
			isa = PBXGroup;
			children = (
				78A7002D75DC9859E953492A /* Pods-Esaad.debug.xcconfig */,
				B5B9088481CF0E9B829688E2 /* Pods-Esaad.release.xcconfig */,
			);
			name = Pods;
			sourceTree = "<group>";
		};
		ABCE27D951D8BD7BD7B490DE /* Frameworks */ = {
			isa = PBXGroup;
			children = (
				5636DDA4D6F87C5B004DF040 /* Pods_Esaad.framework */,
			);
			name = Frameworks;
			sourceTree = "<group>";
		};
/* End PBXGroup section */

/* Begin PBXNativeTarget section */
		59E190C12133D46C005F55F3 /* Esaad */ = {
			isa = PBXNativeTarget;
			buildConfigurationList = 59E190D42133D46C005F55F3 /* Build configuration list for PBXNativeTarget "Esaad" */;
			buildPhases = (
				AB0C2E1EBD8874A423A0B5D3 /* [CP] Check Pods Manifest.lock */,
				59E190BE2133D46C005F55F3 /* Sources */,
				59E190BF2133D46C005F55F3 /* Frameworks */,
				59E190C02133D46C005F55F3 /* Resources */,
				F30A13A73082782182D32962 /* [CP] Embed Pods Frameworks */,
				3031796775F14F048E82CF1D /* [CP] Copy Pods Resources */,
			);
			buildRules = (
			);
			dependencies = (
			);
			name = Esaad;
			productName = Esaad;
			productReference = 59E190C22133D46C005F55F3 /* Esaad.app */;
			productType = "com.apple.product-type.application";
		};
/* End PBXNativeTarget section */

/* Begin PBXProject section */
		59E190BA2133D46C005F55F3 /* Project object */ = {
			isa = PBXProject;
			attributes = {
				LastSwiftUpdateCheck = 0920;
				LastUpgradeCheck = 0920;
				ORGANIZATIONNAME = "Faraz Haider";
				TargetAttributes = {
					59E190C12133D46C005F55F3 = {
						CreatedOnToolsVersion = 9.2;
						ProvisioningStyle = Automatic;
					};
				};
			};
			buildConfigurationList = 59E190BD2133D46C005F55F3 /* Build configuration list for PBXProject "Esaad" */;
			compatibilityVersion = "Xcode 8.0";
			developmentRegion = en;
			hasScannedForEncodings = 0;
			knownRegions = (
				en,
				Base,
				ar,
			);
			mainGroup = 59E190B92133D46C005F55F3;
			productRefGroup = 59E190C32133D46C005F55F3 /* Products */;
			projectDirPath = "";
			projectRoot = "";
			targets = (
				59E190C12133D46C005F55F3 /* Esaad */,
			);
		};
/* End PBXProject section */

/* Begin PBXResourcesBuildPhase section */
		59E190C02133D46C005F55F3 /* Resources */ = {
			isa = PBXResourcesBuildPhase;
			buildActionMask = 2147483647;
			files = (
				596AABD72134257F0038B24C /* Info.plist in Resources */,
				59E190D02133D46C005F55F3 /* LaunchScreen.storyboard in Resources */,
				59E190CD2133D46C005F55F3 /* Assets.xcassets in Resources */,
				599741082135360A00FDE3B1 /* Localizable.strings in Resources */,
				599740FC213435AA00FDE3B1 /* HomeModule.storyboard in Resources */,
				599740FA2134359600FDE3B1 /* LoginModule.storyboard in Resources */,
				596AABD521341FA10038B24C /* PopupModule.storyboard in Resources */,
			);
			runOnlyForDeploymentPostprocessing = 0;
		};
/* End PBXResourcesBuildPhase section */

/* Begin PBXShellScriptBuildPhase section */
		3031796775F14F048E82CF1D /* [CP] Copy Pods Resources */ = {
			isa = PBXShellScriptBuildPhase;
			buildActionMask = 2147483647;
			files = (
			);
			inputPaths = (
				"${SRCROOT}/Pods/Target Support Files/Pods-Esaad/Pods-Esaad-resources.sh",
				"${PODS_ROOT}/GoogleMaps/Maps/Frameworks/GoogleMaps.framework/Resources/GoogleMaps.bundle",
				"${PODS_ROOT}/GooglePlacePicker/Frameworks/GooglePlacePicker.framework/Resources/GooglePlacePicker.bundle",
				"${PODS_ROOT}/GooglePlaces/Frameworks/GooglePlaces.framework/Resources/GooglePlaces.bundle",
			);
			name = "[CP] Copy Pods Resources";
			outputPaths = (
				"${TARGET_BUILD_DIR}/${UNLOCALIZED_RESOURCES_FOLDER_PATH}/GoogleMaps.bundle",
				"${TARGET_BUILD_DIR}/${UNLOCALIZED_RESOURCES_FOLDER_PATH}/GooglePlacePicker.bundle",
				"${TARGET_BUILD_DIR}/${UNLOCALIZED_RESOURCES_FOLDER_PATH}/GooglePlaces.bundle",
			);
			runOnlyForDeploymentPostprocessing = 0;
			shellPath = /bin/sh;
			shellScript = "\"${SRCROOT}/Pods/Target Support Files/Pods-Esaad/Pods-Esaad-resources.sh\"\n";
			showEnvVarsInLog = 0;
		};
		AB0C2E1EBD8874A423A0B5D3 /* [CP] Check Pods Manifest.lock */ = {
			isa = PBXShellScriptBuildPhase;
			buildActionMask = 2147483647;
			files = (
			);
			inputPaths = (
				"${PODS_PODFILE_DIR_PATH}/Podfile.lock",
				"${PODS_ROOT}/Manifest.lock",
			);
			name = "[CP] Check Pods Manifest.lock";
			outputPaths = (
				"$(DERIVED_FILE_DIR)/Pods-Esaad-checkManifestLockResult.txt",
			);
			runOnlyForDeploymentPostprocessing = 0;
			shellPath = /bin/sh;
			shellScript = "diff \"${PODS_PODFILE_DIR_PATH}/Podfile.lock\" \"${PODS_ROOT}/Manifest.lock\" > /dev/null\nif [ $? != 0 ] ; then\n    # print error to STDERR\n    echo \"error: The sandbox is not in sync with the Podfile.lock. Run 'pod install' or update your CocoaPods installation.\" >&2\n    exit 1\nfi\n# This output is used by Xcode 'outputs' to avoid re-running this script phase.\necho \"SUCCESS\" > \"${SCRIPT_OUTPUT_FILE_0}\"\n";
			showEnvVarsInLog = 0;
		};
		F30A13A73082782182D32962 /* [CP] Embed Pods Frameworks */ = {
			isa = PBXShellScriptBuildPhase;
			buildActionMask = 2147483647;
			files = (
			);
			inputPaths = (
				"${SRCROOT}/Pods/Target Support Files/Pods-Esaad/Pods-Esaad-frameworks.sh",
				"${BUILT_PRODUCTS_DIR}/ActionSheetPicker-3.0/ActionSheetPicker_3_0.framework",
				"${BUILT_PRODUCTS_DIR}/Alamofire/Alamofire.framework",
				"${BUILT_PRODUCTS_DIR}/AlamofireImage/AlamofireImage.framework",
				"${BUILT_PRODUCTS_DIR}/Bolts/Bolts.framework",
				"${BUILT_PRODUCTS_DIR}/DTPhotoViewerController/DTPhotoViewerController.framework",
				"${BUILT_PRODUCTS_DIR}/DropDown/DropDown.framework",
				"${BUILT_PRODUCTS_DIR}/FBSDKCoreKit/FBSDKCoreKit.framework",
				"${BUILT_PRODUCTS_DIR}/FBSDKLoginKit/FBSDKLoginKit.framework",
				"${BUILT_PRODUCTS_DIR}/FBSDKShareKit/FBSDKShareKit.framework",
				"${BUILT_PRODUCTS_DIR}/FacebookCore/FacebookCore.framework",
				"${BUILT_PRODUCTS_DIR}/FacebookLogin/FacebookLogin.framework",
				"${BUILT_PRODUCTS_DIR}/FacebookShare/FacebookShare.framework",
				"${BUILT_PRODUCTS_DIR}/IQKeyboardManagerSwift/IQKeyboardManagerSwift.framework",
				"${BUILT_PRODUCTS_DIR}/MOLH/MOLH.framework",
				"${BUILT_PRODUCTS_DIR}/NVActivityIndicatorView/NVActivityIndicatorView.framework",
				"${BUILT_PRODUCTS_DIR}/PinCodeTextField/PinCodeTextField.framework",
				"${BUILT_PRODUCTS_DIR}/RESideMenu/RESideMenu.framework",
				"${BUILT_PRODUCTS_DIR}/RMMapper/RMMapper.framework",
				"${BUILT_PRODUCTS_DIR}/Realm/Realm.framework",
				"${BUILT_PRODUCTS_DIR}/RealmSwift/RealmSwift.framework",
				"${BUILT_PRODUCTS_DIR}/SDWebImage/SDWebImage.framework",
				"${BUILT_PRODUCTS_DIR}/SwiftyJSON/SwiftyJSON.framework",
			);
			name = "[CP] Embed Pods Frameworks";
			outputPaths = (
				"${TARGET_BUILD_DIR}/${FRAMEWORKS_FOLDER_PATH}/ActionSheetPicker_3_0.framework",
				"${TARGET_BUILD_DIR}/${FRAMEWORKS_FOLDER_PATH}/Alamofire.framework",
				"${TARGET_BUILD_DIR}/${FRAMEWORKS_FOLDER_PATH}/AlamofireImage.framework",
				"${TARGET_BUILD_DIR}/${FRAMEWORKS_FOLDER_PATH}/Bolts.framework",
				"${TARGET_BUILD_DIR}/${FRAMEWORKS_FOLDER_PATH}/DTPhotoViewerController.framework",
				"${TARGET_BUILD_DIR}/${FRAMEWORKS_FOLDER_PATH}/DropDown.framework",
				"${TARGET_BUILD_DIR}/${FRAMEWORKS_FOLDER_PATH}/FBSDKCoreKit.framework",
				"${TARGET_BUILD_DIR}/${FRAMEWORKS_FOLDER_PATH}/FBSDKLoginKit.framework",
				"${TARGET_BUILD_DIR}/${FRAMEWORKS_FOLDER_PATH}/FBSDKShareKit.framework",
				"${TARGET_BUILD_DIR}/${FRAMEWORKS_FOLDER_PATH}/FacebookCore.framework",
				"${TARGET_BUILD_DIR}/${FRAMEWORKS_FOLDER_PATH}/FacebookLogin.framework",
				"${TARGET_BUILD_DIR}/${FRAMEWORKS_FOLDER_PATH}/FacebookShare.framework",
				"${TARGET_BUILD_DIR}/${FRAMEWORKS_FOLDER_PATH}/IQKeyboardManagerSwift.framework",
				"${TARGET_BUILD_DIR}/${FRAMEWORKS_FOLDER_PATH}/MOLH.framework",
				"${TARGET_BUILD_DIR}/${FRAMEWORKS_FOLDER_PATH}/NVActivityIndicatorView.framework",
				"${TARGET_BUILD_DIR}/${FRAMEWORKS_FOLDER_PATH}/PinCodeTextField.framework",
				"${TARGET_BUILD_DIR}/${FRAMEWORKS_FOLDER_PATH}/RESideMenu.framework",
				"${TARGET_BUILD_DIR}/${FRAMEWORKS_FOLDER_PATH}/RMMapper.framework",
				"${TARGET_BUILD_DIR}/${FRAMEWORKS_FOLDER_PATH}/Realm.framework",
				"${TARGET_BUILD_DIR}/${FRAMEWORKS_FOLDER_PATH}/RealmSwift.framework",
				"${TARGET_BUILD_DIR}/${FRAMEWORKS_FOLDER_PATH}/SDWebImage.framework",
				"${TARGET_BUILD_DIR}/${FRAMEWORKS_FOLDER_PATH}/SwiftyJSON.framework",
			);
			runOnlyForDeploymentPostprocessing = 0;
			shellPath = /bin/sh;
			shellScript = "\"${SRCROOT}/Pods/Target Support Files/Pods-Esaad/Pods-Esaad-frameworks.sh\"\n";
			showEnvVarsInLog = 0;
		};
/* End PBXShellScriptBuildPhase section */

/* Begin PBXSourcesBuildPhase section */
		59E190BE2133D46C005F55F3 /* Sources */ = {
			isa = PBXSourcesBuildPhase;
			buildActionMask = 2147483647;
			files = (
				5997410D213556C000FDE3B1 /* HomeViewController.swift in Sources */,
				596AAB9F213415790038B24C /* UITextField+Extension.swift in Sources */,
				596AABA3213415790038B24C /* AppConstants.swift in Sources */,
				59E190C62133D46C005F55F3 /* AppDelegate.swift in Sources */,
				596AABA7213415790038B24C /* Validation.swift in Sources */,
				596AAB9E213415790038B24C /* UIFont+Extension.swift in Sources */,
				599740FE213436D500FDE3B1 /* LoginModuleNC.swift in Sources */,
				596AABA4213415790038B24C /* Constants.swift in Sources */,
				596AABB32134169A0038B24C /* APIManagerBase.swift in Sources */,
				596AABAB213415BA0038B24C /* BaseController.swift in Sources */,
				596AABA5213415790038B24C /* Singleton.swift in Sources */,
				5997410021352E9000FDE3B1 /* LoginViewController.swift in Sources */,
				59974105213533E800FDE3B1 /* SettingViewController.swift in Sources */,
				596AABAA213415BA0038B24C /* BaseNavigationController.swift in Sources */,
				596AABB12134169A0038B24C /* APIManager_Authentication.swift in Sources */,
				596AABA1213415790038B24C /* UIViewController+Extension.swift in Sources */,
				596AABCE21341E940038B24C /* SimpleAlertVC.swift in Sources */,
				596AABB22134169A0038B24C /* APIManager.swift in Sources */,
				596AABA6213415790038B24C /* Utility.swift in Sources */,
				596AAB9D213415790038B24C /* UIButton+Extension.swift in Sources */,
				596AABAD213415FF0038B24C /* AppStateManager.swift in Sources */,
				596AABA2213415790038B24C /* Enums.swift in Sources */,
				59974103213531A500FDE3B1 /* HomeModuleNC.swift in Sources */,
				596AABBF213418DC0038B24C /* UserModel.swift in Sources */,
				596AABA0213415790038B24C /* UIView+Extention.swift in Sources */,
			);
			runOnlyForDeploymentPostprocessing = 0;
		};
/* End PBXSourcesBuildPhase section */

/* Begin PBXVariantGroup section */
		5997410A2135360A00FDE3B1 /* Localizable.strings */ = {
			isa = PBXVariantGroup;
			children = (
				599741092135360A00FDE3B1 /* en */,
				5997410B2135361B00FDE3B1 /* ar */,
			);
			name = Localizable.strings;
			sourceTree = "<group>";
		};
		59E190CE2133D46C005F55F3 /* LaunchScreen.storyboard */ = {
			isa = PBXVariantGroup;
			children = (
				59E190CF2133D46C005F55F3 /* Base */,
			);
			name = LaunchScreen.storyboard;
			sourceTree = "<group>";
		};
/* End PBXVariantGroup section */

/* Begin XCBuildConfiguration section */
		59E190D22133D46C005F55F3 /* Debug */ = {
			isa = XCBuildConfiguration;
			buildSettings = {
				ALWAYS_SEARCH_USER_PATHS = NO;
				CLANG_ANALYZER_LOCALIZABILITY_NONLOCALIZED = YES;
				CLANG_ANALYZER_NONNULL = YES;
				CLANG_ANALYZER_NUMBER_OBJECT_CONVERSION = YES_AGGRESSIVE;
				CLANG_CXX_LANGUAGE_STANDARD = "gnu++14";
				CLANG_CXX_LIBRARY = "libc++";
				CLANG_ENABLE_MODULES = YES;
				CLANG_ENABLE_OBJC_ARC = YES;
				CLANG_WARN_BLOCK_CAPTURE_AUTORELEASING = YES;
				CLANG_WARN_BOOL_CONVERSION = YES;
				CLANG_WARN_COMMA = YES;
				CLANG_WARN_CONSTANT_CONVERSION = YES;
				CLANG_WARN_DIRECT_OBJC_ISA_USAGE = YES_ERROR;
				CLANG_WARN_DOCUMENTATION_COMMENTS = YES;
				CLANG_WARN_EMPTY_BODY = YES;
				CLANG_WARN_ENUM_CONVERSION = YES;
				CLANG_WARN_INFINITE_RECURSION = YES;
				CLANG_WARN_INT_CONVERSION = YES;
				CLANG_WARN_NON_LITERAL_NULL_CONVERSION = YES;
				CLANG_WARN_OBJC_LITERAL_CONVERSION = YES;
				CLANG_WARN_OBJC_ROOT_CLASS = YES_ERROR;
				CLANG_WARN_RANGE_LOOP_ANALYSIS = YES;
				CLANG_WARN_STRICT_PROTOTYPES = YES;
				CLANG_WARN_SUSPICIOUS_MOVE = YES;
				CLANG_WARN_UNGUARDED_AVAILABILITY = YES_AGGRESSIVE;
				CLANG_WARN_UNREACHABLE_CODE = YES;
				CLANG_WARN__DUPLICATE_METHOD_MATCH = YES;
				CODE_SIGN_IDENTITY = "iPhone Developer";
				COPY_PHASE_STRIP = NO;
				DEBUG_INFORMATION_FORMAT = dwarf;
				ENABLE_STRICT_OBJC_MSGSEND = YES;
				ENABLE_TESTABILITY = YES;
				GCC_C_LANGUAGE_STANDARD = gnu11;
				GCC_DYNAMIC_NO_PIC = NO;
				GCC_NO_COMMON_BLOCKS = YES;
				GCC_OPTIMIZATION_LEVEL = 0;
				GCC_PREPROCESSOR_DEFINITIONS = (
					"DEBUG=1",
					"$(inherited)",
				);
				GCC_WARN_64_TO_32_BIT_CONVERSION = YES;
				GCC_WARN_ABOUT_RETURN_TYPE = YES_ERROR;
				GCC_WARN_UNDECLARED_SELECTOR = YES;
				GCC_WARN_UNINITIALIZED_AUTOS = YES_AGGRESSIVE;
				GCC_WARN_UNUSED_FUNCTION = YES;
				GCC_WARN_UNUSED_VARIABLE = YES;
				IPHONEOS_DEPLOYMENT_TARGET = 11.2;
				MTL_ENABLE_DEBUG_INFO = YES;
				ONLY_ACTIVE_ARCH = YES;
				SDKROOT = iphoneos;
				SWIFT_ACTIVE_COMPILATION_CONDITIONS = DEBUG;
				SWIFT_OPTIMIZATION_LEVEL = "-Onone";
				SWIFT_VERSION = 4.0;
			};
			name = Debug;
		};
		59E190D32133D46C005F55F3 /* Release */ = {
			isa = XCBuildConfiguration;
			buildSettings = {
				ALWAYS_SEARCH_USER_PATHS = NO;
				CLANG_ANALYZER_LOCALIZABILITY_NONLOCALIZED = YES;
				CLANG_ANALYZER_NONNULL = YES;
				CLANG_ANALYZER_NUMBER_OBJECT_CONVERSION = YES_AGGRESSIVE;
				CLANG_CXX_LANGUAGE_STANDARD = "gnu++14";
				CLANG_CXX_LIBRARY = "libc++";
				CLANG_ENABLE_MODULES = YES;
				CLANG_ENABLE_OBJC_ARC = YES;
				CLANG_WARN_BLOCK_CAPTURE_AUTORELEASING = YES;
				CLANG_WARN_BOOL_CONVERSION = YES;
				CLANG_WARN_COMMA = YES;
				CLANG_WARN_CONSTANT_CONVERSION = YES;
				CLANG_WARN_DIRECT_OBJC_ISA_USAGE = YES_ERROR;
				CLANG_WARN_DOCUMENTATION_COMMENTS = YES;
				CLANG_WARN_EMPTY_BODY = YES;
				CLANG_WARN_ENUM_CONVERSION = YES;
				CLANG_WARN_INFINITE_RECURSION = YES;
				CLANG_WARN_INT_CONVERSION = YES;
				CLANG_WARN_NON_LITERAL_NULL_CONVERSION = YES;
				CLANG_WARN_OBJC_LITERAL_CONVERSION = YES;
				CLANG_WARN_OBJC_ROOT_CLASS = YES_ERROR;
				CLANG_WARN_RANGE_LOOP_ANALYSIS = YES;
				CLANG_WARN_STRICT_PROTOTYPES = YES;
				CLANG_WARN_SUSPICIOUS_MOVE = YES;
				CLANG_WARN_UNGUARDED_AVAILABILITY = YES_AGGRESSIVE;
				CLANG_WARN_UNREACHABLE_CODE = YES;
				CLANG_WARN__DUPLICATE_METHOD_MATCH = YES;
				CODE_SIGN_IDENTITY = "iPhone Developer";
				COPY_PHASE_STRIP = NO;
				DEBUG_INFORMATION_FORMAT = "dwarf-with-dsym";
				ENABLE_NS_ASSERTIONS = NO;
				ENABLE_STRICT_OBJC_MSGSEND = YES;
				GCC_C_LANGUAGE_STANDARD = gnu11;
				GCC_NO_COMMON_BLOCKS = YES;
				GCC_WARN_64_TO_32_BIT_CONVERSION = YES;
				GCC_WARN_ABOUT_RETURN_TYPE = YES_ERROR;
				GCC_WARN_UNDECLARED_SELECTOR = YES;
				GCC_WARN_UNINITIALIZED_AUTOS = YES_AGGRESSIVE;
				GCC_WARN_UNUSED_FUNCTION = YES;
				GCC_WARN_UNUSED_VARIABLE = YES;
				IPHONEOS_DEPLOYMENT_TARGET = 11.2;
				MTL_ENABLE_DEBUG_INFO = NO;
				SDKROOT = iphoneos;
				SWIFT_OPTIMIZATION_LEVEL = "-Owholemodule";
				SWIFT_VERSION = 4.0;
				VALIDATE_PRODUCT = YES;
			};
			name = Release;
		};
		59E190D52133D46C005F55F3 /* Debug */ = {
			isa = XCBuildConfiguration;
			baseConfigurationReference = 78A7002D75DC9859E953492A /* Pods-Esaad.debug.xcconfig */;
			buildSettings = {
				ASSETCATALOG_COMPILER_APPICON_NAME = AppIcon;
				CODE_SIGN_STYLE = Automatic;
				INFOPLIST_FILE = Esaad/Info.plist;
				LD_RUNPATH_SEARCH_PATHS = "$(inherited) @executable_path/Frameworks";
				PRODUCT_BUNDLE_IDENTIFIER = com.app.Esaad;
				PRODUCT_NAME = "$(TARGET_NAME)";
				SWIFT_VERSION = 4.0;
				TARGETED_DEVICE_FAMILY = "1,2";
			};
			name = Debug;
		};
		59E190D62133D46C005F55F3 /* Release */ = {
			isa = XCBuildConfiguration;
			baseConfigurationReference = B5B9088481CF0E9B829688E2 /* Pods-Esaad.release.xcconfig */;
			buildSettings = {
				ASSETCATALOG_COMPILER_APPICON_NAME = AppIcon;
				CODE_SIGN_STYLE = Automatic;
				INFOPLIST_FILE = Esaad/Info.plist;
				LD_RUNPATH_SEARCH_PATHS = "$(inherited) @executable_path/Frameworks";
				PRODUCT_BUNDLE_IDENTIFIER = com.app.Esaad;
				PRODUCT_NAME = "$(TARGET_NAME)";
				SWIFT_VERSION = 4.0;
				TARGETED_DEVICE_FAMILY = "1,2";
			};
			name = Release;
		};
/* End XCBuildConfiguration section */

/* Begin XCConfigurationList section */
		59E190BD2133D46C005F55F3 /* Build configuration list for PBXProject "Esaad" */ = {
			isa = XCConfigurationList;
			buildConfigurations = (
				59E190D22133D46C005F55F3 /* Debug */,
				59E190D32133D46C005F55F3 /* Release */,
			);
			defaultConfigurationIsVisible = 0;
			defaultConfigurationName = Release;
		};
		59E190D42133D46C005F55F3 /* Build configuration list for PBXNativeTarget "Esaad" */ = {
			isa = XCConfigurationList;
			buildConfigurations = (
				59E190D52133D46C005F55F3 /* Debug */,
				59E190D62133D46C005F55F3 /* Release */,
			);
			defaultConfigurationIsVisible = 0;
			defaultConfigurationName = Release;
		};
/* End XCConfigurationList section */
	};
	rootObject = 59E190BA2133D46C005F55F3 /* Project object */;
}
